
Microsoft Visual Studio Solution File, Format Version 12.00
# Visual Studio Version 17
VisualStudioVersion = 17.0.31903.59
MinimumVisualStudioVersion = 10.0.40219.1
Project("{FAE04EC0-301F-11D3-BF4B-00C04F79EFBC}") = "API", "API\API.csproj", "{2CF1585A-9390-4346-BB60-A49D54C219C2}"
EndProject
Project("{FAE04EC0-301F-11D3-BF4B-00C04F79EFBC}") = "Application", "Application\Application.csproj", "{98CAFFB5-875E-49E3-945F-2903343D24E5}"
EndProject
Project("{FAE04EC0-301F-11D3-BF4B-00C04F79EFBC}") = "Domain", "Domain\Domain.csproj", "{95F628D5-B39E-40E0-BD8C-40368EBFB0A3}"
EndProject
Project("{FAE04EC0-301F-11D3-BF4B-00C04F79EFBC}") = "Persistence", "Persistence\Persistence.csproj", "{A0F804EF-CAD8-4D3C-8BB6-5CE17F79F52C}"
EndProject
Global
	GlobalSection(SolutionConfigurationPlatforms) = preSolution
		Debug|Any CPU = Debug|Any CPU
		Release|Any CPU = Release|Any CPU
	EndGlobalSection
	GlobalSection(SolutionProperties) = preSolution
		HideSolutionNode = FALSE
	EndGlobalSection
	GlobalSection(ProjectConfigurationPlatforms) = postSolution
		{2CF1585A-9390-4346-BB60-A49D54C219C2}.Debug|Any CPU.ActiveCfg = Debug|Any CPU
		{2CF1585A-9390-4346-BB60-A49D54C219C2}.Debug|Any CPU.Build.0 = Debug|Any CPU
		{2CF1585A-9390-4346-BB60-A49D54C219C2}.Release|Any CPU.ActiveCfg = Release|Any CPU
		{2CF1585A-9390-4346-BB60-A49D54C219C2}.Release|Any CPU.Build.0 = Release|Any CPU
		{98CAFFB5-875E-49E3-945F-2903343D24E5}.Debug|Any CPU.ActiveCfg = Debug|Any CPU
		{98CAFFB5-875E-49E3-945F-2903343D24E5}.Debug|Any CPU.Build.0 = Debug|Any CPU
		{98CAFFB5-875E-49E3-945F-2903343D24E5}.Release|Any CPU.ActiveCfg = Release|Any CPU
		{98CAFFB5-875E-49E3-945F-2903343D24E5}.Release|Any CPU.Build.0 = Release|Any CPU
		{95F628D5-B39E-40E0-BD8C-40368EBFB0A3}.Debug|Any CPU.ActiveCfg = Debug|Any CPU
		{95F628D5-B39E-40E0-BD8C-40368EBFB0A3}.Debug|Any CPU.Build.0 = Debug|Any CPU
		{95F628D5-B39E-40E0-BD8C-40368EBFB0A3}.Release|Any CPU.ActiveCfg = Release|Any CPU
		{95F628D5-B39E-40E0-BD8C-40368EBFB0A3}.Release|Any CPU.Build.0 = Release|Any CPU
		{A0F804EF-CAD8-4D3C-8BB6-5CE17F79F52C}.Debug|Any CPU.ActiveCfg = Debug|Any CPU
		{A0F804EF-CAD8-4D3C-8BB6-5CE17F79F52C}.Debug|Any CPU.Build.0 = Debug|Any CPU
		{A0F804EF-CAD8-4D3C-8BB6-5CE17F79F52C}.Release|Any CPU.ActiveCfg = Release|Any CPU
		{A0F804EF-CAD8-4D3C-8BB6-5CE17F79F52C}.Release|Any CPU.Build.0 = Release|Any CPU
	EndGlobalSection
EndGlobal
